
Microsoft Visual Studio Solution File, Format Version 12.00
# Visual Studio Version 16
VisualStudioVersion = 16.0.32413.511
MinimumVisualStudioVersion = 10.0.40219.1
Project("{FAE04EC0-301F-11D3-BF4B-00C04F79EFBC}") = "NeroBOT", "NeroBOT\NeroBOT.csproj", "{EA14D770-55BA-4032-9AC5-8C5DB9E834E3}"
EndProject
Global
	GlobalSection(SolutionConfigurationPlatforms) = preSolution
		Debug|Any CPU = Debug|Any CPU
		Release|Any CPU = Release|Any CPU
	EndGlobalSection
	GlobalSection(ProjectConfigurationPlatforms) = postSolution
		{EA14D770-55BA-4032-9AC5-8C5DB9E834E3}.Debug|Any CPU.ActiveCfg = Debug|Any CPU
		{EA14D770-55BA-4032-9AC5-8C5DB9E834E3}.Debug|Any CPU.Build.0 = Debug|Any CPU
		{EA14D770-55BA-4032-9AC5-8C5DB9E834E3}.Release|Any CPU.ActiveCfg = Release|Any CPU
		{EA14D770-55BA-4032-9AC5-8C5DB9E834E3}.Release|Any CPU.Build.0 = Release|Any CPU
	EndGlobalSection
	GlobalSection(SolutionProperties) = preSolution
		HideSolutionNode = FALSE
	EndGlobalSection
	GlobalSection(ExtensibilityGlobals) = postSolution
		SolutionGuid = {F48DD603-894B-450D-BBD4-6FAA5978BE8E}
	EndGlobalSection
EndGlobal
